
Microsoft Visual Studio Solution File, Format Version 12.00
# Visual Studio Version 16
VisualStudioVersion = 16.0.29613.14
MinimumVisualStudioVersion = 10.0.40219.1
Project("{9A19103F-16F7-4668-BE54-9A1E7A4F7556}") = "ServiceBus.SendReply.Trigger", "ServiceBus.SendReply.Trigger\ServiceBus.SendReply.Trigger.csproj", "{C5E84EA8-B261-46E4-A649-D3381A73CA6A}"
EndProject
Project("{FAE04EC0-301F-11D3-BF4B-00C04F79EFBC}") = "ServiceBus.SendReply.Common", "ServiceBus.SendReply.Common\ServiceBus.SendReply.Common.csproj", "{9570D117-D8A9-45DD-BAC7-D173EE0EAAEA}"
EndProject
Global
	GlobalSection(SolutionConfigurationPlatforms) = preSolution
		Debug|Any CPU = Debug|Any CPU
		Release|Any CPU = Release|Any CPU
	EndGlobalSection
	GlobalSection(ProjectConfigurationPlatforms) = postSolution
		{C5E84EA8-B261-46E4-A649-D3381A73CA6A}.Debug|Any CPU.ActiveCfg = Debug|Any CPU
		{C5E84EA8-B261-46E4-A649-D3381A73CA6A}.Debug|Any CPU.Build.0 = Debug|Any CPU
		{C5E84EA8-B261-46E4-A649-D3381A73CA6A}.Release|Any CPU.ActiveCfg = Release|Any CPU
		{C5E84EA8-B261-46E4-A649-D3381A73CA6A}.Release|Any CPU.Build.0 = Release|Any CPU
		{9570D117-D8A9-45DD-BAC7-D173EE0EAAEA}.Debug|Any CPU.ActiveCfg = Debug|Any CPU
		{9570D117-D8A9-45DD-BAC7-D173EE0EAAEA}.Debug|Any CPU.Build.0 = Debug|Any CPU
		{9570D117-D8A9-45DD-BAC7-D173EE0EAAEA}.Release|Any CPU.ActiveCfg = Release|Any CPU
		{9570D117-D8A9-45DD-BAC7-D173EE0EAAEA}.Release|Any CPU.Build.0 = Release|Any CPU
	EndGlobalSection
	GlobalSection(SolutionProperties) = preSolution
		HideSolutionNode = FALSE
	EndGlobalSection
	GlobalSection(ExtensibilityGlobals) = postSolution
		SolutionGuid = {F9A1BDFF-48F7-47D3-B3C4-2B2C501FC959}
	EndGlobalSection
EndGlobal
